// !$*UTF8*$!
{
	archiveVersion = 1;
	classes = {
	};
	objectVersion = 46;
	objects = {

/* Begin PBXBuildFile section */
		05614C7D1EDEA08500A9A282 /* CalcElement.swift in Sources */ = {isa = PBXBuildFile; fileRef = 05614C7C1EDEA08500A9A282 /* CalcElement.swift */; };
		05614C811EDEC7BA00A9A282 /* Operator.swift in Sources */ = {isa = PBXBuildFile; fileRef = 05614C801EDEC7BA00A9A282 /* Operator.swift */; };
		0592BD941EDC4B6E000DE355 /* AppDelegate.swift in Sources */ = {isa = PBXBuildFile; fileRef = 0592BD931EDC4B6E000DE355 /* AppDelegate.swift */; };
		0592BD991EDC4B6E000DE355 /* Calculator.storyboard in Resources */ = {isa = PBXBuildFile; fileRef = 0592BD971EDC4B6E000DE355 /* Calculator.storyboard */; };
		0592BD9B1EDC4B6E000DE355 /* Assets.xcassets in Resources */ = {isa = PBXBuildFile; fileRef = 0592BD9A1EDC4B6E000DE355 /* Assets.xcassets */; };
		0592BD9E1EDC4B6E000DE355 /* LaunchScreen.storyboard in Resources */ = {isa = PBXBuildFile; fileRef = 0592BD9C1EDC4B6E000DE355 /* LaunchScreen.storyboard */; };
		0592BDA91EDC4B6E000DE355 /* CalcTests.swift in Sources */ = {isa = PBXBuildFile; fileRef = 0592BDA81EDC4B6E000DE355 /* CalcTests.swift */; };
		0592BDB41EDC4B6E000DE355 /* CalcUITests.swift in Sources */ = {isa = PBXBuildFile; fileRef = 0592BDB31EDC4B6E000DE355 /* CalcUITests.swift */; };
		0592BDC21EDC6127000DE355 /* Keyboard.xib in Resources */ = {isa = PBXBuildFile; fileRef = 0592BDC11EDC6127000DE355 /* Keyboard.xib */; };
		0592BDC41EDC641F000DE355 /* Keyboard.swift in Sources */ = {isa = PBXBuildFile; fileRef = 0592BDC31EDC641F000DE355 /* Keyboard.swift */; };
		0592BDDD1EDC74FB000DE355 /* CalculatorDisplayData.swift in Sources */ = {isa = PBXBuildFile; fileRef = 0592BDD71EDC74FB000DE355 /* CalculatorDisplayData.swift */; };
		0592BDDE1EDC74FB000DE355 /* CalculatorInteractor.swift in Sources */ = {isa = PBXBuildFile; fileRef = 0592BDD81EDC74FB000DE355 /* CalculatorInteractor.swift */; };
		0592BDDF1EDC74FB000DE355 /* CalculatorPresenter.swift in Sources */ = {isa = PBXBuildFile; fileRef = 0592BDD91EDC74FB000DE355 /* CalculatorPresenter.swift */; };
		0592BDE01EDC74FB000DE355 /* CalculatorRouter.swift in Sources */ = {isa = PBXBuildFile; fileRef = 0592BDDA1EDC74FB000DE355 /* CalculatorRouter.swift */; };
		0592BDE11EDC74FB000DE355 /* CalculatorView.swift in Sources */ = {isa = PBXBuildFile; fileRef = 0592BDDB1EDC74FB000DE355 /* CalculatorView.swift */; };
		0592BDE31EDC7794000DE355 /* AppModules.swift in Sources */ = {isa = PBXBuildFile; fileRef = 0592BDE21EDC7794000DE355 /* AppModules.swift */; };
		074CBA22088E1403544D9F5F /* Pods_Calc.framework in Frameworks */ = {isa = PBXBuildFile; fileRef = FD924DA1CA936B8C15C63761 /* Pods_Calc.framework */; };
/* End PBXBuildFile section */

/* Begin PBXContainerItemProxy section */
		0592BDA51EDC4B6E000DE355 /* PBXContainerItemProxy */ = {
			isa = PBXContainerItemProxy;
			containerPortal = 0592BD881EDC4B6E000DE355 /* Project object */;
			proxyType = 1;
			remoteGlobalIDString = 0592BD8F1EDC4B6E000DE355;
			remoteInfo = Calc;
		};
		0592BDB01EDC4B6E000DE355 /* PBXContainerItemProxy */ = {
			isa = PBXContainerItemProxy;
			containerPortal = 0592BD881EDC4B6E000DE355 /* Project object */;
			proxyType = 1;
			remoteGlobalIDString = 0592BD8F1EDC4B6E000DE355;
			remoteInfo = Calc;
		};
/* End PBXContainerItemProxy section */

/* Begin PBXFileReference section */
		05614C7C1EDEA08500A9A282 /* CalcElement.swift */ = {isa = PBXFileReference; fileEncoding = 4; lastKnownFileType = sourcecode.swift; path = CalcElement.swift; sourceTree = "<group>"; };
		05614C801EDEC7BA00A9A282 /* Operator.swift */ = {isa = PBXFileReference; fileEncoding = 4; lastKnownFileType = sourcecode.swift; path = Operator.swift; sourceTree = "<group>"; };
		0592BD901EDC4B6E000DE355 /* Calc.app */ = {isa = PBXFileReference; explicitFileType = wrapper.application; includeInIndex = 0; path = Calc.app; sourceTree = BUILT_PRODUCTS_DIR; };
		0592BD931EDC4B6E000DE355 /* AppDelegate.swift */ = {isa = PBXFileReference; lastKnownFileType = sourcecode.swift; path = AppDelegate.swift; sourceTree = "<group>"; };
		0592BD981EDC4B6E000DE355 /* Base */ = {isa = PBXFileReference; lastKnownFileType = file.storyboard; name = Base; path = Base.lproj/Calculator.storyboard; sourceTree = "<group>"; };
		0592BD9A1EDC4B6E000DE355 /* Assets.xcassets */ = {isa = PBXFileReference; lastKnownFileType = folder.assetcatalog; path = Assets.xcassets; sourceTree = "<group>"; };
		0592BD9D1EDC4B6E000DE355 /* Base */ = {isa = PBXFileReference; lastKnownFileType = file.storyboard; name = Base; path = Base.lproj/LaunchScreen.storyboard; sourceTree = "<group>"; };
		0592BD9F1EDC4B6E000DE355 /* Info.plist */ = {isa = PBXFileReference; lastKnownFileType = text.plist.xml; path = Info.plist; sourceTree = "<group>"; };
		0592BDA41EDC4B6E000DE355 /* CalcTests.xctest */ = {isa = PBXFileReference; explicitFileType = wrapper.cfbundle; includeInIndex = 0; path = CalcTests.xctest; sourceTree = BUILT_PRODUCTS_DIR; };
		0592BDA81EDC4B6E000DE355 /* CalcTests.swift */ = {isa = PBXFileReference; lastKnownFileType = sourcecode.swift; path = CalcTests.swift; sourceTree = "<group>"; };
		0592BDAA1EDC4B6E000DE355 /* Info.plist */ = {isa = PBXFileReference; lastKnownFileType = text.plist.xml; path = Info.plist; sourceTree = "<group>"; };
		0592BDAF1EDC4B6E000DE355 /* CalcUITests.xctest */ = {isa = PBXFileReference; explicitFileType = wrapper.cfbundle; includeInIndex = 0; path = CalcUITests.xctest; sourceTree = BUILT_PRODUCTS_DIR; };
		0592BDB31EDC4B6E000DE355 /* CalcUITests.swift */ = {isa = PBXFileReference; lastKnownFileType = sourcecode.swift; path = CalcUITests.swift; sourceTree = "<group>"; };
		0592BDB51EDC4B6E000DE355 /* Info.plist */ = {isa = PBXFileReference; lastKnownFileType = text.plist.xml; path = Info.plist; sourceTree = "<group>"; };
		0592BDC11EDC6127000DE355 /* Keyboard.xib */ = {isa = PBXFileReference; fileEncoding = 4; lastKnownFileType = file.xib; path = Keyboard.xib; sourceTree = "<group>"; };
		0592BDC31EDC641F000DE355 /* Keyboard.swift */ = {isa = PBXFileReference; fileEncoding = 4; lastKnownFileType = sourcecode.swift; path = Keyboard.swift; sourceTree = "<group>"; };
		0592BDD71EDC74FB000DE355 /* CalculatorDisplayData.swift */ = {isa = PBXFileReference; fileEncoding = 4; lastKnownFileType = sourcecode.swift; path = CalculatorDisplayData.swift; sourceTree = "<group>"; };
		0592BDD81EDC74FB000DE355 /* CalculatorInteractor.swift */ = {isa = PBXFileReference; fileEncoding = 4; lastKnownFileType = sourcecode.swift; path = CalculatorInteractor.swift; sourceTree = "<group>"; };
		0592BDD91EDC74FB000DE355 /* CalculatorPresenter.swift */ = {isa = PBXFileReference; fileEncoding = 4; lastKnownFileType = sourcecode.swift; path = CalculatorPresenter.swift; sourceTree = "<group>"; };
		0592BDDA1EDC74FB000DE355 /* CalculatorRouter.swift */ = {isa = PBXFileReference; fileEncoding = 4; lastKnownFileType = sourcecode.swift; path = CalculatorRouter.swift; sourceTree = "<group>"; };
		0592BDDB1EDC74FB000DE355 /* CalculatorView.swift */ = {isa = PBXFileReference; fileEncoding = 4; lastKnownFileType = sourcecode.swift; path = CalculatorView.swift; sourceTree = "<group>"; };
		0592BDE21EDC7794000DE355 /* AppModules.swift */ = {isa = PBXFileReference; fileEncoding = 4; lastKnownFileType = sourcecode.swift; path = AppModules.swift; sourceTree = "<group>"; };
		AD90C313A6F36F1D149F2BF5 /* Pods-Calc.release.xcconfig */ = {isa = PBXFileReference; includeInIndex = 1; lastKnownFileType = text.xcconfig; name = "Pods-Calc.release.xcconfig"; path = "Pods/Target Support Files/Pods-Calc/Pods-Calc.release.xcconfig"; sourceTree = "<group>"; };
		D1919A700D4D68F99E770B4A /* Pods-Calc.debug.xcconfig */ = {isa = PBXFileReference; includeInIndex = 1; lastKnownFileType = text.xcconfig; name = "Pods-Calc.debug.xcconfig"; path = "Pods/Target Support Files/Pods-Calc/Pods-Calc.debug.xcconfig"; sourceTree = "<group>"; };
		FD924DA1CA936B8C15C63761 /* Pods_Calc.framework */ = {isa = PBXFileReference; explicitFileType = wrapper.framework; includeInIndex = 0; path = Pods_Calc.framework; sourceTree = BUILT_PRODUCTS_DIR; };
/* End PBXFileReference section */

/* Begin PBXFrameworksBuildPhase section */
		0592BD8D1EDC4B6E000DE355 /* Frameworks */ = {
			isa = PBXFrameworksBuildPhase;
			buildActionMask = 2147483647;
			files = (
				074CBA22088E1403544D9F5F /* Pods_Calc.framework in Frameworks */,
			);
			runOnlyForDeploymentPostprocessing = 0;
		};
		0592BDA11EDC4B6E000DE355 /* Frameworks */ = {
			isa = PBXFrameworksBuildPhase;
			buildActionMask = 2147483647;
			files = (
			);
			runOnlyForDeploymentPostprocessing = 0;
		};
		0592BDAC1EDC4B6E000DE355 /* Frameworks */ = {
			isa = PBXFrameworksBuildPhase;
			buildActionMask = 2147483647;
			files = (
			);
			runOnlyForDeploymentPostprocessing = 0;
		};
/* End PBXFrameworksBuildPhase section */

/* Begin PBXGroup section */
		0592BD871EDC4B6E000DE355 = {
			isa = PBXGroup;
			children = (
				0592BD921EDC4B6E000DE355 /* Calc */,
				0592BDA71EDC4B6E000DE355 /* CalcTests */,
				0592BDB21EDC4B6E000DE355 /* CalcUITests */,
				0592BD911EDC4B6E000DE355 /* Products */,
				E39C82D38C9698C73092E120 /* Pods */,
				13A5ACCE681ACE19B1E814BC /* Frameworks */,
			);
			sourceTree = "<group>";
		};
		0592BD911EDC4B6E000DE355 /* Products */ = {
			isa = PBXGroup;
			children = (
				0592BD901EDC4B6E000DE355 /* Calc.app */,
				0592BDA41EDC4B6E000DE355 /* CalcTests.xctest */,
				0592BDAF1EDC4B6E000DE355 /* CalcUITests.xctest */,
			);
			name = Products;
			sourceTree = "<group>";
		};
		0592BD921EDC4B6E000DE355 /* Calc */ = {
			isa = PBXGroup;
			children = (
				0592BDC81EDC74CA000DE355 /* Modules */,
				0592BD931EDC4B6E000DE355 /* AppDelegate.swift */,
				0592BD9A1EDC4B6E000DE355 /* Assets.xcassets */,
				0592BD9C1EDC4B6E000DE355 /* LaunchScreen.storyboard */,
				0592BD9F1EDC4B6E000DE355 /* Info.plist */,
				0592BDC11EDC6127000DE355 /* Keyboard.xib */,
				0592BDC31EDC641F000DE355 /* Keyboard.swift */,
			);
			path = Calc;
			sourceTree = "<group>";
		};
		0592BDA71EDC4B6E000DE355 /* CalcTests */ = {
			isa = PBXGroup;
			children = (
				0592BDA81EDC4B6E000DE355 /* CalcTests.swift */,
				0592BDAA1EDC4B6E000DE355 /* Info.plist */,
			);
			path = CalcTests;
			sourceTree = "<group>";
		};
		0592BDB21EDC4B6E000DE355 /* CalcUITests */ = {
			isa = PBXGroup;
			children = (
				0592BDB31EDC4B6E000DE355 /* CalcUITests.swift */,
				0592BDB51EDC4B6E000DE355 /* Info.plist */,
			);
			path = CalcUITests;
			sourceTree = "<group>";
		};
		0592BDC81EDC74CA000DE355 /* Modules */ = {
			isa = PBXGroup;
			children = (
				0592BDD51EDC74FB000DE355 /* Calculator */,
				0592BDE21EDC7794000DE355 /* AppModules.swift */,
			);
			path = Modules;
			sourceTree = "<group>";
		};
		0592BDD51EDC74FB000DE355 /* Calculator */ = {
			isa = PBXGroup;
			children = (
				0592BD971EDC4B6E000DE355 /* Calculator.storyboard */,
				0592BDD71EDC74FB000DE355 /* CalculatorDisplayData.swift */,
				0592BDD81EDC74FB000DE355 /* CalculatorInteractor.swift */,
				0592BDD91EDC74FB000DE355 /* CalculatorPresenter.swift */,
				0592BDDA1EDC74FB000DE355 /* CalculatorRouter.swift */,
				0592BDDB1EDC74FB000DE355 /* CalculatorView.swift */,
				05614C7C1EDEA08500A9A282 /* CalcElement.swift */,
				05614C801EDEC7BA00A9A282 /* Operator.swift */,
			);
			path = Calculator;
			sourceTree = "<group>";
		};
		13A5ACCE681ACE19B1E814BC /* Frameworks */ = {
			isa = PBXGroup;
			children = (
				FD924DA1CA936B8C15C63761 /* Pods_Calc.framework */,
			);
			name = Frameworks;
			sourceTree = "<group>";
		};
		E39C82D38C9698C73092E120 /* Pods */ = {
			isa = PBXGroup;
			children = (
				D1919A700D4D68F99E770B4A /* Pods-Calc.debug.xcconfig */,
				AD90C313A6F36F1D149F2BF5 /* Pods-Calc.release.xcconfig */,
			);
			name = Pods;
			sourceTree = "<group>";
		};
/* End PBXGroup section */

/* Begin PBXNativeTarget section */
		0592BD8F1EDC4B6E000DE355 /* Calc */ = {
			isa = PBXNativeTarget;
			buildConfigurationList = 0592BDB81EDC4B6E000DE355 /* Build configuration list for PBXNativeTarget "Calc" */;
			buildPhases = (
				2C52745AEE6DF66FD45459E4 /* [CP] Check Pods Manifest.lock */,
				0592BD8C1EDC4B6E000DE355 /* Sources */,
				0592BD8D1EDC4B6E000DE355 /* Frameworks */,
				0592BD8E1EDC4B6E000DE355 /* Resources */,
				C49F6884EC57CE7DDF1D4163 /* [CP] Embed Pods Frameworks */,
				8EC39B871C33E9D83643DE7E /* [CP] Copy Pods Resources */,
			);
			buildRules = (
			);
			dependencies = (
			);
			name = Calc;
			productName = Calc;
			productReference = 0592BD901EDC4B6E000DE355 /* Calc.app */;
			productType = "com.apple.product-type.application";
		};
		0592BDA31EDC4B6E000DE355 /* CalcTests */ = {
			isa = PBXNativeTarget;
			buildConfigurationList = 0592BDBB1EDC4B6E000DE355 /* Build configuration list for PBXNativeTarget "CalcTests" */;
			buildPhases = (
				0592BDA01EDC4B6E000DE355 /* Sources */,
				0592BDA11EDC4B6E000DE355 /* Frameworks */,
				0592BDA21EDC4B6E000DE355 /* Resources */,
			);
			buildRules = (
			);
			dependencies = (
				0592BDA61EDC4B6E000DE355 /* PBXTargetDependency */,
			);
			name = CalcTests;
			productName = CalcTests;
			productReference = 0592BDA41EDC4B6E000DE355 /* CalcTests.xctest */;
			productType = "com.apple.product-type.bundle.unit-test";
		};
		0592BDAE1EDC4B6E000DE355 /* CalcUITests */ = {
			isa = PBXNativeTarget;
			buildConfigurationList = 0592BDBE1EDC4B6E000DE355 /* Build configuration list for PBXNativeTarget "CalcUITests" */;
			buildPhases = (
				0592BDAB1EDC4B6E000DE355 /* Sources */,
				0592BDAC1EDC4B6E000DE355 /* Frameworks */,
				0592BDAD1EDC4B6E000DE355 /* Resources */,
			);
			buildRules = (
			);
			dependencies = (
				0592BDB11EDC4B6E000DE355 /* PBXTargetDependency */,
			);
			name = CalcUITests;
			productName = CalcUITests;
			productReference = 0592BDAF1EDC4B6E000DE355 /* CalcUITests.xctest */;
			productType = "com.apple.product-type.bundle.ui-testing";
		};
/* End PBXNativeTarget section */

/* Begin PBXProject section */
		0592BD881EDC4B6E000DE355 /* Project object */ = {
			isa = PBXProject;
			attributes = {
				LastSwiftUpdateCheck = 0830;
				LastUpgradeCheck = 0830;
				ORGANIZATIONNAME = Zinio;
				TargetAttributes = {
					0592BD8F1EDC4B6E000DE355 = {
						CreatedOnToolsVersion = 8.3.2;
						DevelopmentTeam = NXAX6MA6VD;
						ProvisioningStyle = Automatic;
					};
					0592BDA31EDC4B6E000DE355 = {
						CreatedOnToolsVersion = 8.3.2;
						DevelopmentTeam = NXAX6MA6VD;
						ProvisioningStyle = Automatic;
						TestTargetID = 0592BD8F1EDC4B6E000DE355;
					};
					0592BDAE1EDC4B6E000DE355 = {
						CreatedOnToolsVersion = 8.3.2;
						DevelopmentTeam = NXAX6MA6VD;
						ProvisioningStyle = Automatic;
						TestTargetID = 0592BD8F1EDC4B6E000DE355;
					};
				};
			};
			buildConfigurationList = 0592BD8B1EDC4B6E000DE355 /* Build configuration list for PBXProject "Calc" */;
			compatibilityVersion = "Xcode 3.2";
			developmentRegion = English;
			hasScannedForEncodings = 0;
			knownRegions = (
				en,
				Base,
			);
			mainGroup = 0592BD871EDC4B6E000DE355;
			productRefGroup = 0592BD911EDC4B6E000DE355 /* Products */;
			projectDirPath = "";
			projectRoot = "";
			targets = (
				0592BD8F1EDC4B6E000DE355 /* Calc */,
				0592BDA31EDC4B6E000DE355 /* CalcTests */,
				0592BDAE1EDC4B6E000DE355 /* CalcUITests */,
			);
		};
/* End PBXProject section */

/* Begin PBXResourcesBuildPhase section */
		0592BD8E1EDC4B6E000DE355 /* Resources */ = {
			isa = PBXResourcesBuildPhase;
			buildActionMask = 2147483647;
			files = (
				0592BD9E1EDC4B6E000DE355 /* LaunchScreen.storyboard in Resources */,
				0592BD9B1EDC4B6E000DE355 /* Assets.xcassets in Resources */,
				0592BDC21EDC6127000DE355 /* Keyboard.xib in Resources */,
				0592BD991EDC4B6E000DE355 /* Calculator.storyboard in Resources */,
			);
			runOnlyForDeploymentPostprocessing = 0;
		};
		0592BDA21EDC4B6E000DE355 /* Resources */ = {
			isa = PBXResourcesBuildPhase;
			buildActionMask = 2147483647;
			files = (
			);
			runOnlyForDeploymentPostprocessing = 0;
		};
		0592BDAD1EDC4B6E000DE355 /* Resources */ = {
			isa = PBXResourcesBuildPhase;
			buildActionMask = 2147483647;
			files = (
			);
			runOnlyForDeploymentPostprocessing = 0;
		};
/* End PBXResourcesBuildPhase section */

/* Begin PBXShellScriptBuildPhase section */
		2C52745AEE6DF66FD45459E4 /* [CP] Check Pods Manifest.lock */ = {
			isa = PBXShellScriptBuildPhase;
			buildActionMask = 2147483647;
			files = (
			);
			inputPaths = (
			);
			name = "[CP] Check Pods Manifest.lock";
			outputPaths = (
			);
			runOnlyForDeploymentPostprocessing = 0;
			shellPath = /bin/sh;
			shellScript = "diff \"${PODS_ROOT}/../Podfile.lock\" \"${PODS_ROOT}/Manifest.lock\" > /dev/null\nif [ $? != 0 ] ; then\n    # print error to STDERR\n    echo \"error: The sandbox is not in sync with the Podfile.lock. Run 'pod install' or update your CocoaPods installation.\" >&2\n    exit 1\nfi\n";
			showEnvVarsInLog = 0;
		};
		8EC39B871C33E9D83643DE7E /* [CP] Copy Pods Resources */ = {
			isa = PBXShellScriptBuildPhase;
			buildActionMask = 2147483647;
			files = (
			);
			inputPaths = (
			);
			name = "[CP] Copy Pods Resources";
			outputPaths = (
			);
			runOnlyForDeploymentPostprocessing = 0;
			shellPath = /bin/sh;
			shellScript = "\"${SRCROOT}/Pods/Target Support Files/Pods-Calc/Pods-Calc-resources.sh\"\n";
			showEnvVarsInLog = 0;
		};
		C49F6884EC57CE7DDF1D4163 /* [CP] Embed Pods Frameworks */ = {
			isa = PBXShellScriptBuildPhase;
			buildActionMask = 2147483647;
			files = (
			);
			inputPaths = (
			);
			name = "[CP] Embed Pods Frameworks";
			outputPaths = (
			);
			runOnlyForDeploymentPostprocessing = 0;
			shellPath = /bin/sh;
			shellScript = "\"${SRCROOT}/Pods/Target Support Files/Pods-Calc/Pods-Calc-frameworks.sh\"\n";
			showEnvVarsInLog = 0;
		};
/* End PBXShellScriptBuildPhase section */

/* Begin PBXSourcesBuildPhase section */
		0592BD8C1EDC4B6E000DE355 /* Sources */ = {
			isa = PBXSourcesBuildPhase;
			buildActionMask = 2147483647;
			files = (
				0592BDDD1EDC74FB000DE355 /* CalculatorDisplayData.swift in Sources */,
				0592BDC41EDC641F000DE355 /* Keyboard.swift in Sources */,
				0592BDE01EDC74FB000DE355 /* CalculatorRouter.swift in Sources */,
				0592BDDE1EDC74FB000DE355 /* CalculatorInteractor.swift in Sources */,
				0592BD941EDC4B6E000DE355 /* AppDelegate.swift in Sources */,
				0592BDE31EDC7794000DE355 /* AppModules.swift in Sources */,
				05614C7D1EDEA08500A9A282 /* CalcElement.swift in Sources */,
				05614C811EDEC7BA00A9A282 /* Operator.swift in Sources */,
				0592BDE11EDC74FB000DE355 /* CalculatorView.swift in Sources */,
				0592BDDF1EDC74FB000DE355 /* CalculatorPresenter.swift in Sources */,
			);
			runOnlyForDeploymentPostprocessing = 0;
		};
		0592BDA01EDC4B6E000DE355 /* Sources */ = {
			isa = PBXSourcesBuildPhase;
			buildActionMask = 2147483647;
			files = (
				0592BDA91EDC4B6E000DE355 /* CalcTests.swift in Sources */,
			);
			runOnlyForDeploymentPostprocessing = 0;
		};
		0592BDAB1EDC4B6E000DE355 /* Sources */ = {
			isa = PBXSourcesBuildPhase;
			buildActionMask = 2147483647;
			files = (
				0592BDB41EDC4B6E000DE355 /* CalcUITests.swift in Sources */,
			);
			runOnlyForDeploymentPostprocessing = 0;
		};
/* End PBXSourcesBuildPhase section */

/* Begin PBXTargetDependency section */
		0592BDA61EDC4B6E000DE355 /* PBXTargetDependency */ = {
			isa = PBXTargetDependency;
			target = 0592BD8F1EDC4B6E000DE355 /* Calc */;
			targetProxy = 0592BDA51EDC4B6E000DE355 /* PBXContainerItemProxy */;
		};
		0592BDB11EDC4B6E000DE355 /* PBXTargetDependency */ = {
			isa = PBXTargetDependency;
			target = 0592BD8F1EDC4B6E000DE355 /* Calc */;
			targetProxy = 0592BDB01EDC4B6E000DE355 /* PBXContainerItemProxy */;
		};
/* End PBXTargetDependency section */

/* Begin PBXVariantGroup section */
		0592BD971EDC4B6E000DE355 /* Calculator.storyboard */ = {
			isa = PBXVariantGroup;
			children = (
				0592BD981EDC4B6E000DE355 /* Base */,
			);
			name = Calculator.storyboard;
			path = ../..;
			sourceTree = "<group>";
		};
		0592BD9C1EDC4B6E000DE355 /* LaunchScreen.storyboard */ = {
			isa = PBXVariantGroup;
			children = (
				0592BD9D1EDC4B6E000DE355 /* Base */,
			);
			name = LaunchScreen.storyboard;
			sourceTree = "<group>";
		};
/* End PBXVariantGroup section */

/* Begin XCBuildConfiguration section */
		0592BDB61EDC4B6E000DE355 /* Debug */ = {
			isa = XCBuildConfiguration;
			buildSettings = {
				ALWAYS_SEARCH_USER_PATHS = NO;
				CLANG_ANALYZER_NONNULL = YES;
				CLANG_ANALYZER_NUMBER_OBJECT_CONVERSION = YES_AGGRESSIVE;
				CLANG_CXX_LANGUAGE_STANDARD = "gnu++0x";
				CLANG_CXX_LIBRARY = "libc++";
				CLANG_ENABLE_MODULES = YES;
				CLANG_ENABLE_OBJC_ARC = YES;
				CLANG_WARN_BOOL_CONVERSION = YES;
				CLANG_WARN_CONSTANT_CONVERSION = YES;
				CLANG_WARN_DIRECT_OBJC_ISA_USAGE = YES_ERROR;
				CLANG_WARN_DOCUMENTATION_COMMENTS = YES;
				CLANG_WARN_EMPTY_BODY = YES;
				CLANG_WARN_ENUM_CONVERSION = YES;
				CLANG_WARN_INFINITE_RECURSION = YES;
				CLANG_WARN_INT_CONVERSION = YES;
				CLANG_WARN_OBJC_ROOT_CLASS = YES_ERROR;
				CLANG_WARN_SUSPICIOUS_MOVE = YES;
				CLANG_WARN_UNREACHABLE_CODE = YES;
				CLANG_WARN__DUPLICATE_METHOD_MATCH = YES;
				"CODE_SIGN_IDENTITY[sdk=iphoneos*]" = "iPhone Developer";
				COPY_PHASE_STRIP = NO;
				DEBUG_INFORMATION_FORMAT = dwarf;
				ENABLE_STRICT_OBJC_MSGSEND = YES;
				ENABLE_TESTABILITY = YES;
				GCC_C_LANGUAGE_STANDARD = gnu99;
				GCC_DYNAMIC_NO_PIC = NO;
				GCC_NO_COMMON_BLOCKS = YES;
				GCC_OPTIMIZATION_LEVEL = 0;
				GCC_PREPROCESSOR_DEFINITIONS = (
					"DEBUG=1",
					"$(inherited)",
				);
				GCC_WARN_64_TO_32_BIT_CONVERSION = YES;
				GCC_WARN_ABOUT_RETURN_TYPE = YES_ERROR;
				GCC_WARN_UNDECLARED_SELECTOR = YES;
				GCC_WARN_UNINITIALIZED_AUTOS = YES_AGGRESSIVE;
				GCC_WARN_UNUSED_FUNCTION = YES;
				GCC_WARN_UNUSED_VARIABLE = YES;
				IPHONEOS_DEPLOYMENT_TARGET = 10.3;
				MTL_ENABLE_DEBUG_INFO = YES;
				ONLY_ACTIVE_ARCH = YES;
				SDKROOT = iphoneos;
				SWIFT_ACTIVE_COMPILATION_CONDITIONS = DEBUG;
				SWIFT_OPTIMIZATION_LEVEL = "-Onone";
				TARGETED_DEVICE_FAMILY = "1,2";
			};
			name = Debug;
		};
		0592BDB71EDC4B6E000DE355 /* Release */ = {
			isa = XCBuildConfiguration;
			buildSettings = {
				ALWAYS_SEARCH_USER_PATHS = NO;
				CLANG_ANALYZER_NONNULL = YES;
				CLANG_ANALYZER_NUMBER_OBJECT_CONVERSION = YES_AGGRESSIVE;
				CLANG_CXX_LANGUAGE_STANDARD = "gnu++0x";
				CLANG_CXX_LIBRARY = "libc++";
				CLANG_ENABLE_MODULES = YES;
				CLANG_ENABLE_OBJC_ARC = YES;
				CLANG_WARN_BOOL_CONVERSION = YES;
				CLANG_WARN_CONSTANT_CONVERSION = YES;
				CLANG_WARN_DIRECT_OBJC_ISA_USAGE = YES_ERROR;
				CLANG_WARN_DOCUMENTATION_COMMENTS = YES;
				CLANG_WARN_EMPTY_BODY = YES;
				CLANG_WARN_ENUM_CONVERSION = YES;
				CLANG_WARN_INFINITE_RECURSION = YES;
				CLANG_WARN_INT_CONVERSION = YES;
				CLANG_WARN_OBJC_ROOT_CLASS = YES_ERROR;
				CLANG_WARN_SUSPICIOUS_MOVE = YES;
				CLANG_WARN_UNREACHABLE_CODE = YES;
				CLANG_WARN__DUPLICATE_METHOD_MATCH = YES;
				"CODE_SIGN_IDENTITY[sdk=iphoneos*]" = "iPhone Developer";
				COPY_PHASE_STRIP = NO;
				DEBUG_INFORMATION_FORMAT = "dwarf-with-dsym";
				ENABLE_NS_ASSERTIONS = NO;
				ENABLE_STRICT_OBJC_MSGSEND = YES;
				GCC_C_LANGUAGE_STANDARD = gnu99;
				GCC_NO_COMMON_BLOCKS = YES;
				GCC_WARN_64_TO_32_BIT_CONVERSION = YES;
				GCC_WARN_ABOUT_RETURN_TYPE = YES_ERROR;
				GCC_WARN_UNDECLARED_SELECTOR = YES;
				GCC_WARN_UNINITIALIZED_AUTOS = YES_AGGRESSIVE;
				GCC_WARN_UNUSED_FUNCTION = YES;
				GCC_WARN_UNUSED_VARIABLE = YES;
				IPHONEOS_DEPLOYMENT_TARGET = 10.3;
				MTL_ENABLE_DEBUG_INFO = NO;
				SDKROOT = iphoneos;
				SWIFT_OPTIMIZATION_LEVEL = "-Owholemodule";
				TARGETED_DEVICE_FAMILY = "1,2";
				VALIDATE_PRODUCT = YES;
			};
			name = Release;
		};
		0592BDB91EDC4B6E000DE355 /* Debug */ = {
			isa = XCBuildConfiguration;
			baseConfigurationReference = D1919A700D4D68F99E770B4A /* Pods-Calc.debug.xcconfig */;
			buildSettings = {
				ASSETCATALOG_COMPILER_APPICON_NAME = AppIcon;
				DEVELOPMENT_TEAM = NXAX6MA6VD;
				INFOPLIST_FILE = Calc/Info.plist;
				IPHONEOS_DEPLOYMENT_TARGET = 9.3;
				LD_RUNPATH_SEARCH_PATHS = "$(inherited) @executable_path/Frameworks";
				PRODUCT_BUNDLE_IDENTIFIER = Zinio.Calc;
				PRODUCT_NAME = "$(TARGET_NAME)";
				SWIFT_VERSION = 3.0;
			};
			name = Debug;
		};
		0592BDBA1EDC4B6E000DE355 /* Release */ = {
			isa = XCBuildConfiguration;
			baseConfigurationReference = AD90C313A6F36F1D149F2BF5 /* Pods-Calc.release.xcconfig */;
			buildSettings = {
				ASSETCATALOG_COMPILER_APPICON_NAME = AppIcon;
				DEVELOPMENT_TEAM = NXAX6MA6VD;
				INFOPLIST_FILE = Calc/Info.plist;
				IPHONEOS_DEPLOYMENT_TARGET = 9.3;
				LD_RUNPATH_SEARCH_PATHS = "$(inherited) @executable_path/Frameworks";
				PRODUCT_BUNDLE_IDENTIFIER = Zinio.Calc;
				PRODUCT_NAME = "$(TARGET_NAME)";
				SWIFT_VERSION = 3.0;
			};
			name = Release;
		};
		0592BDBC1EDC4B6E000DE355 /* Debug */ = {
			isa = XCBuildConfiguration;
			buildSettings = {
				ALWAYS_EMBED_SWIFT_STANDARD_LIBRARIES = YES;
				BUNDLE_LOADER = "$(TEST_HOST)";
				DEVELOPMENT_TEAM = NXAX6MA6VD;
				INFOPLIST_FILE = CalcTests/Info.plist;
				LD_RUNPATH_SEARCH_PATHS = "$(inherited) @executable_path/Frameworks @loader_path/Frameworks";
				PRODUCT_BUNDLE_IDENTIFIER = Zinio.CalcTests;
				PRODUCT_NAME = "$(TARGET_NAME)";
				SWIFT_VERSION = 3.0;
				TEST_HOST = "$(BUILT_PRODUCTS_DIR)/Calc.app/Calc";
			};
			name = Debug;
		};
		0592BDBD1EDC4B6E000DE355 /* Release */ = {
			isa = XCBuildConfiguration;
			buildSettings = {
				ALWAYS_EMBED_SWIFT_STANDARD_LIBRARIES = YES;
				BUNDLE_LOADER = "$(TEST_HOST)";
				DEVELOPMENT_TEAM = NXAX6MA6VD;
				INFOPLIST_FILE = CalcTests/Info.plist;
				LD_RUNPATH_SEARCH_PATHS = "$(inherited) @executable_path/Frameworks @loader_path/Frameworks";
				PRODUCT_BUNDLE_IDENTIFIER = Zinio.CalcTests;
				PRODUCT_NAME = "$(TARGET_NAME)";
				SWIFT_VERSION = 3.0;
				TEST_HOST = "$(BUILT_PRODUCTS_DIR)/Calc.app/Calc";
			};
			name = Release;
		};
		0592BDBF1EDC4B6E000DE355 /* Debug */ = {
			isa = XCBuildConfiguration;
			buildSettings = {
				ALWAYS_EMBED_SWIFT_STANDARD_LIBRARIES = YES;
				DEVELOPMENT_TEAM = NXAX6MA6VD;
				INFOPLIST_FILE = CalcUITests/Info.plist;
				LD_RUNPATH_SEARCH_PATHS = "$(inherited) @executable_path/Frameworks @loader_path/Frameworks";
				PRODUCT_BUNDLE_IDENTIFIER = Zinio.CalcUITests;
				PRODUCT_NAME = "$(TARGET_NAME)";
				SWIFT_VERSION = 3.0;
				TEST_TARGET_NAME = Calc;
			};
			name = Debug;
		};
		0592BDC01EDC4B6E000DE355 /* Release */ = {
			isa = XCBuildConfiguration;
			buildSettings = {
				ALWAYS_EMBED_SWIFT_STANDARD_LIBRARIES = YES;
				DEVELOPMENT_TEAM = NXAX6MA6VD;
				INFOPLIST_FILE = CalcUITests/Info.plist;
				LD_RUNPATH_SEARCH_PATHS = "$(inherited) @executable_path/Frameworks @loader_path/Frameworks";
				PRODUCT_BUNDLE_IDENTIFIER = Zinio.CalcUITests;
				PRODUCT_NAME = "$(TARGET_NAME)";
				SWIFT_VERSION = 3.0;
				TEST_TARGET_NAME = Calc;
			};
			name = Release;
		};
/* End XCBuildConfiguration section */

/* Begin XCConfigurationList section */
		0592BD8B1EDC4B6E000DE355 /* Build configuration list for PBXProject "Calc" */ = {
			isa = XCConfigurationList;
			buildConfigurations = (
				0592BDB61EDC4B6E000DE355 /* Debug */,
				0592BDB71EDC4B6E000DE355 /* Release */,
			);
			defaultConfigurationIsVisible = 0;
			defaultConfigurationName = Release;
		};
		0592BDB81EDC4B6E000DE355 /* Build configuration list for PBXNativeTarget "Calc" */ = {
			isa = XCConfigurationList;
			buildConfigurations = (
				0592BDB91EDC4B6E000DE355 /* Debug */,
				0592BDBA1EDC4B6E000DE355 /* Release */,
			);
			defaultConfigurationIsVisible = 0;
			defaultConfigurationName = Release;
		};
		0592BDBB1EDC4B6E000DE355 /* Build configuration list for PBXNativeTarget "CalcTests" */ = {
			isa = XCConfigurationList;
			buildConfigurations = (
				0592BDBC1EDC4B6E000DE355 /* Debug */,
				0592BDBD1EDC4B6E000DE355 /* Release */,
			);
			defaultConfigurationIsVisible = 0;
			defaultConfigurationName = Release;
		};
		0592BDBE1EDC4B6E000DE355 /* Build configuration list for PBXNativeTarget "CalcUITests" */ = {
			isa = XCConfigurationList;
			buildConfigurations = (
				0592BDBF1EDC4B6E000DE355 /* Debug */,
				0592BDC01EDC4B6E000DE355 /* Release */,
			);
			defaultConfigurationIsVisible = 0;
			defaultConfigurationName = Release;
		};
/* End XCConfigurationList section */
	};
	rootObject = 0592BD881EDC4B6E000DE355 /* Project object */;
}
